
Microsoft Visual Studio Solution File, Format Version 12.00
# Visual Studio 14
VisualStudioVersion = 14.0.25420.1
MinimumVisualStudioVersion = 10.0.40219.1
Project("{FAE04EC0-301F-11D3-BF4B-00C04F79EFBC}") = "StarCitizenApi", "StarCitizenApi\StarCitizenApi.csproj", "{BE9C2C47-9BD1-4763-861E-1403FD192708}"
EndProject
Project("{FAE04EC0-301F-11D3-BF4B-00C04F79EFBC}") = "StarCitizenApi.Tests", "StarCitizenApi.Tests\StarCitizenApi.Tests.csproj", "{266F3E0C-0325-423C-ABBC-81B825EA8F14}"
EndProject
Project("{FAE04EC0-301F-11D3-BF4B-00C04F79EFBC}") = "StarCitizenApi.Tools", "StarCitizenApi.Tools\StarCitizenApi.Tools.csproj", "{78A01BA4-4105-40E2-8E62-FFF3D7D7867B}"
EndProject
Project("{FAE04EC0-301F-11D3-BF4B-00C04F79EFBC}") = "StarCitizenApi.FileSystem", "StarCitizenApi.FileSystem\StarCitizenApi.FileSystem.csproj", "{D8B6C5C9-C828-42FE-AD78-EF1E771B809D}"
EndProject
Project("{FAE04EC0-301F-11D3-BF4B-00C04F79EFBC}") = "StarCitizenApi.WindowsAzure", "StarCitizenApi.WindowsAzure\StarCitizenApi.WindowsAzure.csproj", "{0AEE07B2-3EC9-4ECF-9EDE-D19A3205CD4C}"
EndProject
Global
	GlobalSection(SolutionConfigurationPlatforms) = preSolution
		Debug|Any CPU = Debug|Any CPU
		Release|Any CPU = Release|Any CPU
	EndGlobalSection
	GlobalSection(ProjectConfigurationPlatforms) = postSolution
		{BE9C2C47-9BD1-4763-861E-1403FD192708}.Debug|Any CPU.ActiveCfg = Debug|Any CPU
		{BE9C2C47-9BD1-4763-861E-1403FD192708}.Debug|Any CPU.Build.0 = Debug|Any CPU
		{BE9C2C47-9BD1-4763-861E-1403FD192708}.Release|Any CPU.ActiveCfg = Release|Any CPU
		{BE9C2C47-9BD1-4763-861E-1403FD192708}.Release|Any CPU.Build.0 = Release|Any CPU
		{266F3E0C-0325-423C-ABBC-81B825EA8F14}.Debug|Any CPU.ActiveCfg = Debug|Any CPU
		{266F3E0C-0325-423C-ABBC-81B825EA8F14}.Debug|Any CPU.Build.0 = Debug|Any CPU
		{266F3E0C-0325-423C-ABBC-81B825EA8F14}.Release|Any CPU.ActiveCfg = Release|Any CPU
		{266F3E0C-0325-423C-ABBC-81B825EA8F14}.Release|Any CPU.Build.0 = Release|Any CPU
		{78A01BA4-4105-40E2-8E62-FFF3D7D7867B}.Debug|Any CPU.ActiveCfg = Debug|Any CPU
		{78A01BA4-4105-40E2-8E62-FFF3D7D7867B}.Debug|Any CPU.Build.0 = Debug|Any CPU
		{78A01BA4-4105-40E2-8E62-FFF3D7D7867B}.Release|Any CPU.ActiveCfg = Release|Any CPU
		{78A01BA4-4105-40E2-8E62-FFF3D7D7867B}.Release|Any CPU.Build.0 = Release|Any CPU
		{D8B6C5C9-C828-42FE-AD78-EF1E771B809D}.Debug|Any CPU.ActiveCfg = Debug|Any CPU
		{D8B6C5C9-C828-42FE-AD78-EF1E771B809D}.Debug|Any CPU.Build.0 = Debug|Any CPU
		{D8B6C5C9-C828-42FE-AD78-EF1E771B809D}.Release|Any CPU.ActiveCfg = Release|Any CPU
		{D8B6C5C9-C828-42FE-AD78-EF1E771B809D}.Release|Any CPU.Build.0 = Release|Any CPU
		{0AEE07B2-3EC9-4ECF-9EDE-D19A3205CD4C}.Debug|Any CPU.ActiveCfg = Debug|Any CPU
		{0AEE07B2-3EC9-4ECF-9EDE-D19A3205CD4C}.Debug|Any CPU.Build.0 = Debug|Any CPU
		{0AEE07B2-3EC9-4ECF-9EDE-D19A3205CD4C}.Release|Any CPU.ActiveCfg = Release|Any CPU
		{0AEE07B2-3EC9-4ECF-9EDE-D19A3205CD4C}.Release|Any CPU.Build.0 = Release|Any CPU
	EndGlobalSection
	GlobalSection(SolutionProperties) = preSolution
		HideSolutionNode = FALSE
	EndGlobalSection
EndGlobal
