
Microsoft Visual Studio Solution File, Format Version 12.00
# Visual Studio 15
VisualStudioVersion = 15.0.26228.10
MinimumVisualStudioVersion = 10.0.40219.1
Project("{FAE04EC0-301F-11D3-BF4B-00C04F79EFBC}") = "StarCitizenApi", "StarCitizenApi\StarCitizenApi.csproj", "{E23BA08B-A911-484C-90BD-0EC8BA638074}"
EndProject
Project("{FAE04EC0-301F-11D3-BF4B-00C04F79EFBC}") = "StarCitizenApi.Tests", "StarCitizenApi.Tests\StarCitizenApi.Tests.csproj", "{ED5A15F3-215F-4113-A757-E294D940626F}"
EndProject
Project("{FAE04EC0-301F-11D3-BF4B-00C04F79EFBC}") = "StarCitizenApi.FileSystem", "StarCitizenApi.FileSystem\StarCitizenApi.FileSystem.csproj", "{D37C3962-1B66-4BEE-9D0A-CD91505BF789}"
EndProject
Project("{FAE04EC0-301F-11D3-BF4B-00C04F79EFBC}") = "StarCitizenApi.WindowsAzure", "StarCitizenApi.WindowsAzure\StarCitizenApi.WindowsAzure.csproj", "{02E7FF43-B26B-46C3-9BFB-02D4876519D7}"
EndProject
Global
	GlobalSection(SolutionConfigurationPlatforms) = preSolution
		Debug|Any CPU = Debug|Any CPU
		Release|Any CPU = Release|Any CPU
	EndGlobalSection
	GlobalSection(ProjectConfigurationPlatforms) = postSolution
		{E23BA08B-A911-484C-90BD-0EC8BA638074}.Debug|Any CPU.ActiveCfg = Debug|Any CPU
		{E23BA08B-A911-484C-90BD-0EC8BA638074}.Debug|Any CPU.Build.0 = Debug|Any CPU
		{E23BA08B-A911-484C-90BD-0EC8BA638074}.Release|Any CPU.ActiveCfg = Release|Any CPU
		{E23BA08B-A911-484C-90BD-0EC8BA638074}.Release|Any CPU.Build.0 = Release|Any CPU
		{ED5A15F3-215F-4113-A757-E294D940626F}.Debug|Any CPU.ActiveCfg = Debug|Any CPU
		{ED5A15F3-215F-4113-A757-E294D940626F}.Debug|Any CPU.Build.0 = Debug|Any CPU
		{ED5A15F3-215F-4113-A757-E294D940626F}.Release|Any CPU.ActiveCfg = Release|Any CPU
		{ED5A15F3-215F-4113-A757-E294D940626F}.Release|Any CPU.Build.0 = Release|Any CPU
		{D37C3962-1B66-4BEE-9D0A-CD91505BF789}.Debug|Any CPU.ActiveCfg = Debug|Any CPU
		{D37C3962-1B66-4BEE-9D0A-CD91505BF789}.Debug|Any CPU.Build.0 = Debug|Any CPU
		{D37C3962-1B66-4BEE-9D0A-CD91505BF789}.Release|Any CPU.ActiveCfg = Release|Any CPU
		{D37C3962-1B66-4BEE-9D0A-CD91505BF789}.Release|Any CPU.Build.0 = Release|Any CPU
		{02E7FF43-B26B-46C3-9BFB-02D4876519D7}.Debug|Any CPU.ActiveCfg = Debug|Any CPU
		{02E7FF43-B26B-46C3-9BFB-02D4876519D7}.Debug|Any CPU.Build.0 = Debug|Any CPU
		{02E7FF43-B26B-46C3-9BFB-02D4876519D7}.Release|Any CPU.ActiveCfg = Release|Any CPU
		{02E7FF43-B26B-46C3-9BFB-02D4876519D7}.Release|Any CPU.Build.0 = Release|Any CPU
	EndGlobalSection
	GlobalSection(SolutionProperties) = preSolution
		HideSolutionNode = FALSE
	EndGlobalSection
EndGlobal
